<?xml version="1.0" encoding="utf-8"?>
<Project ToolsVersion="4.0" xmlns="http://schemas.microsoft.com/developer/msbuild/2003">
  <ItemGroup>
    <Filter Include="Source Files">
      <UniqueIdentifier>{4FC737F1-C7A5-4376-A066-2A32D752A2FF}</UniqueIdentifier>
      <Extensions>cpp;c;cc;cxx;def;odl;idl;hpj;bat;asm;asmx</Extensions>
    </Filter>
    <Filter Include="Header Files">
      <UniqueIdentifier>{93995380-89BD-4b04-88EB-625FBE52EBFB}</UniqueIdentifier>
      <Extensions>h;hh;hpp;hxx;hm;inl;inc;xsd</Extensions>
    </Filter>
    <Filter Include="Resource Files">
      <UniqueIdentifier>{67DA6AB6-F800-4c08-8B7A-83BB121AAD01}</UniqueIdentifier>
      <Extensions>rc;ico;cur;bmp;dlg;rc2;rct;bin;rgs;gif;jpg;jpeg;jpe;resx;tiff;tif;png;wav;mfcribbon-ms</Extensions>
    </Filter>
    <Filter Include="Header Files\RapidJson">
      <UniqueIdentifier>{35b63b64-4129-4181-8f38-86f68b512d8f}</UniqueIdentifier>
    </Filter>
    <Filter Include="Header Files\sqlite">
      <UniqueIdentifier>{f0c6b06b-704d-4ddf-8a7f-f3afae02c180}</UniqueIdentifier>
    </Filter>
    <Filter Include="Source Files\sqlite">
      <UniqueIdentifier>{5f9fa678-5fc3-4a76-91a1-3345230079fc}</UniqueIdentifier>
    </Filter>
  </ItemGroup>
  <ItemGroup>
    <Text Include="ReadMe.txt" />
  </ItemGroup>
  <ItemGroup>
    <ClInclude Include="stdafx.h">
      <Filter>Header Files</Filter>
    </ClInclude>
    <ClInclude Include="targetver.h">
      <Filter>Header Files</Filter>
    </ClInclude>
    <ClInclude Include="general.h">
      <Filter>Header Files</Filter>
    </ClInclude>
    <ClInclude Include="IniLinux.h">
      <Filter>Header Files</Filter>
    </ClInclude>
    <ClInclude Include="IniSingleton.h">
      <Filter>Header Files</Filter>
    </ClInclude>
    <ClInclude Include="Controller.h">
      <Filter>Header Files</Filter>
    </ClInclude>
    <ClInclude Include="resource.h">
      <Filter>Header Files</Filter>
    </ClInclude>
    <ClInclude Include="AudioPlayer.h">
      <Filter>Header Files</Filter>
    </ClInclude>
    <ClInclude Include="Include\rapidjson\autolink.h">
      <Filter>Header Files\RapidJson</Filter>
    </ClInclude>
    <ClInclude Include="Include\rapidjson\config.h">
      <Filter>Header Files\RapidJson</Filter>
    </ClInclude>
    <ClInclude Include="Include\rapidjson\features.h">
      <Filter>Header Files\RapidJson</Filter>
    </ClInclude>
    <ClInclude Include="Include\rapidjson\forwards.h">
      <Filter>Header Files\RapidJson</Filter>
    </ClInclude>
    <ClInclude Include="Include\rapidjson\json.h">
      <Filter>Header Files\RapidJson</Filter>
    </ClInclude>
    <ClInclude Include="Include\rapidjson\json_batchallocator.h">
      <Filter>Header Files\RapidJson</Filter>
    </ClInclude>
    <ClInclude Include="Include\rapidjson\reader.h">
      <Filter>Header Files\RapidJson</Filter>
    </ClInclude>
    <ClInclude Include="Include\rapidjson\value.h">
      <Filter>Header Files\RapidJson</Filter>
    </ClInclude>
    <ClInclude Include="Include\rapidjson\writer.h">
      <Filter>Header Files\RapidJson</Filter>
    </ClInclude>
    <ClInclude Include="CoinNode.h">
      <Filter>Header Files</Filter>
    </ClInclude>
    <ClInclude Include="CryptoDB.h">
      <Filter>Header Files</Filter>
    </ClInclude>
    <ClInclude Include="sqlite\sqlite3.h">
      <Filter>Header Files\sqlite</Filter>
    </ClInclude>
    <ClInclude Include="sqlite\sqlite3ext.h">
      <Filter>Header Files\sqlite</Filter>
    </ClInclude>
  </ItemGroup>
  <ItemGroup>
    <ClCompile Include="stdafx.cpp">
      <Filter>Source Files</Filter>
    </ClCompile>
    <ClCompile Include="Analyzer.cpp">
      <Filter>Source Files</Filter>
    </ClCompile>
    <ClCompile Include="general.cpp">
      <Filter>Source Files</Filter>
    </ClCompile>
    <ClCompile Include="IniLinux.cpp">
      <Filter>Source Files</Filter>
    </ClCompile>
    <ClCompile Include="IniSingleton.cpp">
      <Filter>Source Files</Filter>
    </ClCompile>
    <ClCompile Include="Controller.cpp">
      <Filter>Source Files</Filter>
    </ClCompile>
    <ClCompile Include="AudioPlayer.cpp">
      <Filter>Source Files</Filter>
    </ClCompile>
    <ClCompile Include="Include\rapidjson\json_reader.cpp">
      <Filter>Header Files\RapidJson</Filter>
    </ClCompile>
    <ClCompile Include="Include\rapidjson\json_value.cpp">
      <Filter>Header Files\RapidJson</Filter>
    </ClCompile>
    <ClCompile Include="Include\rapidjson\json_writer.cpp">
      <Filter>Header Files\RapidJson</Filter>
    </ClCompile>
    <ClCompile Include="CoinNode.cpp">
      <Filter>Source Files</Filter>
    </ClCompile>
    <ClCompile Include="CryptoDB.cpp">
      <Filter>Source Files</Filter>
    </ClCompile>
    <ClCompile Include="sqlite\sqlite3.c">
      <Filter>Source Files\sqlite</Filter>
    </ClCompile>
  </ItemGroup>
  <ItemGroup>
    <ResourceCompile Include="Analyzer.rc">
      <Filter>Resource Files</Filter>
    </ResourceCompile>
  </ItemGroup>
  <ItemGroup>
    <None Include="Include\rapidjson\json_internalarray.inl">
      <Filter>Header Files\RapidJson</Filter>
    </None>
    <None Include="Include\rapidjson\json_internalmap.inl">
      <Filter>Header Files\RapidJson</Filter>
    </None>
    <None Include="Include\rapidjson\json_valueiterator.inl">
      <Filter>Header Files\RapidJson</Filter>
    </None>
  </ItemGroup>
</Project>